// !$*UTF8*$!
{
	archiveVersion = 1;
	classes = {
	};
	objectVersion = 46;
	objects = {

/* Begin PBXBuildFile section */
		30FD66461E410B2E0044E9B9 /* AppDelegate.swift in Sources */ = {isa = PBXBuildFile; fileRef = 30FD66451E410B2E0044E9B9 /* AppDelegate.swift */; };
		30FD664B1E410B2E0044E9B9 /* Main.storyboard in Resources */ = {isa = PBXBuildFile; fileRef = 30FD66491E410B2E0044E9B9 /* Main.storyboard */; };
		30FD664D1E410B2E0044E9B9 /* Assets.xcassets in Resources */ = {isa = PBXBuildFile; fileRef = 30FD664C1E410B2E0044E9B9 /* Assets.xcassets */; };
		30FD66501E410B2E0044E9B9 /* LaunchScreen.storyboard in Resources */ = {isa = PBXBuildFile; fileRef = 30FD664E1E410B2E0044E9B9 /* LaunchScreen.storyboard */; };
		30FD66581E410C160044E9B9 /* MoviesViewController.swift in Sources */ = {isa = PBXBuildFile; fileRef = 30FD66571E410C160044E9B9 /* MoviesViewController.swift */; };
		30FD665B1E41413F0044E9B9 /* MovieCell.swift in Sources */ = {isa = PBXBuildFile; fileRef = 30FD665A1E41413F0044E9B9 /* MovieCell.swift */; };
/* End PBXBuildFile section */

/* Begin PBXFileReference section */
		30FD66421E410B2E0044E9B9 /* MovieBrowser.app */ = {isa = PBXFileReference; explicitFileType = wrapper.application; includeInIndex = 0; path = MovieBrowser.app; sourceTree = BUILT_PRODUCTS_DIR; };
		30FD66451E410B2E0044E9B9 /* AppDelegate.swift */ = {isa = PBXFileReference; lastKnownFileType = sourcecode.swift; path = AppDelegate.swift; sourceTree = "<group>"; };
		30FD664A1E410B2E0044E9B9 /* Base */ = {isa = PBXFileReference; lastKnownFileType = file.storyboard; name = Base; path = Base.lproj/Main.storyboard; sourceTree = "<group>"; };
		30FD664C1E410B2E0044E9B9 /* Assets.xcassets */ = {isa = PBXFileReference; lastKnownFileType = folder.assetcatalog; path = Assets.xcassets; sourceTree = "<group>"; };
		30FD664F1E410B2E0044E9B9 /* Base */ = {isa = PBXFileReference; lastKnownFileType = file.storyboard; name = Base; path = Base.lproj/LaunchScreen.storyboard; sourceTree = "<group>"; };
		30FD66511E410B2E0044E9B9 /* Info.plist */ = {isa = PBXFileReference; lastKnownFileType = text.plist.xml; path = Info.plist; sourceTree = "<group>"; };
		30FD66571E410C160044E9B9 /* MoviesViewController.swift */ = {isa = PBXFileReference; fileEncoding = 4; lastKnownFileType = sourcecode.swift; path = MoviesViewController.swift; sourceTree = "<group>"; };
		30FD665A1E41413F0044E9B9 /* MovieCell.swift */ = {isa = PBXFileReference; fileEncoding = 4; lastKnownFileType = sourcecode.swift; path = MovieCell.swift; sourceTree = "<group>"; };
/* End PBXFileReference section */

/* Begin PBXFrameworksBuildPhase section */
		30FD663F1E410B2E0044E9B9 /* Frameworks */ = {
			isa = PBXFrameworksBuildPhase;
			buildActionMask = 2147483647;
			files = (
			);
			runOnlyForDeploymentPostprocessing = 0;
		};
/* End PBXFrameworksBuildPhase section */

/* Begin PBXGroup section */
		30FD66391E410B2E0044E9B9 = {
			isa = PBXGroup;
			children = (
				30FD66441E410B2E0044E9B9 /* MovieBrowser */,
				30FD66431E410B2E0044E9B9 /* Products */,
			);
			sourceTree = "<group>";
		};
		30FD66431E410B2E0044E9B9 /* Products */ = {
			isa = PBXGroup;
			children = (
				30FD66421E410B2E0044E9B9 /* MovieBrowser.app */,
			);
			name = Products;
			sourceTree = "<group>";
		};
		30FD66441E410B2E0044E9B9 /* MovieBrowser */ = {
			isa = PBXGroup;
			children = (
				30FD665C1E4141890044E9B9 /* view controllers */,
				30FD66591E4140D00044E9B9 /* views */,
				30FD66451E410B2E0044E9B9 /* AppDelegate.swift */,
				30FD66491E410B2E0044E9B9 /* Main.storyboard */,
				30FD664C1E410B2E0044E9B9 /* Assets.xcassets */,
				30FD664E1E410B2E0044E9B9 /* LaunchScreen.storyboard */,
				30FD66511E410B2E0044E9B9 /* Info.plist */,
			);
			path = MovieBrowser;
			sourceTree = "<group>";
		};
		30FD66591E4140D00044E9B9 /* views */ = {
			isa = PBXGroup;
			children = (
				30FD665A1E41413F0044E9B9 /* MovieCell.swift */,
			);
			name = views;
			sourceTree = "<group>";
		};
		30FD665C1E4141890044E9B9 /* view controllers */ = {
			isa = PBXGroup;
			children = (
				30FD66571E410C160044E9B9 /* MoviesViewController.swift */,
			);
			name = "view controllers";
			sourceTree = "<group>";
		};
/* End PBXGroup section */

/* Begin PBXNativeTarget section */
		30FD66411E410B2E0044E9B9 /* MovieBrowser */ = {
			isa = PBXNativeTarget;
			buildConfigurationList = 30FD66541E410B2E0044E9B9 /* Build configuration list for PBXNativeTarget "MovieBrowser" */;
			buildPhases = (
				30FD663E1E410B2E0044E9B9 /* Sources */,
				30FD663F1E410B2E0044E9B9 /* Frameworks */,
				30FD66401E410B2E0044E9B9 /* Resources */,
			);
			buildRules = (
			);
			dependencies = (
			);
			name = MovieBrowser;
			productName = MovieBrowser;
			productReference = 30FD66421E410B2E0044E9B9 /* MovieBrowser.app */;
			productType = "com.apple.product-type.application";
		};
/* End PBXNativeTarget section */

/* Begin PBXProject section */
		30FD663A1E410B2E0044E9B9 /* Project object */ = {
			isa = PBXProject;
			attributes = {
				LastSwiftUpdateCheck = 0820;
				LastUpgradeCheck = 0820;
				ORGANIZATIONNAME = "Pratik Koirala";
				TargetAttributes = {
					30FD66411E410B2E0044E9B9 = {
						CreatedOnToolsVersion = 8.2;
						ProvisioningStyle = Automatic;
					};
				};
			};
			buildConfigurationList = 30FD663D1E410B2E0044E9B9 /* Build configuration list for PBXProject "MovieBrowser" */;
			compatibilityVersion = "Xcode 3.2";
			developmentRegion = English;
			hasScannedForEncodings = 0;
			knownRegions = (
				en,
				Base,
			);
			mainGroup = 30FD66391E410B2E0044E9B9;
			productRefGroup = 30FD66431E410B2E0044E9B9 /* Products */;
			projectDirPath = "";
			projectRoot = "";
			targets = (
				30FD66411E410B2E0044E9B9 /* MovieBrowser */,
			);
		};
/* End PBXProject section */

/* Begin PBXResourcesBuildPhase section */
		30FD66401E410B2E0044E9B9 /* Resources */ = {
			isa = PBXResourcesBuildPhase;
			buildActionMask = 2147483647;
			files = (
				30FD66501E410B2E0044E9B9 /* LaunchScreen.storyboard in Resources */,
				30FD664D1E410B2E0044E9B9 /* Assets.xcassets in Resources */,
				30FD664B1E410B2E0044E9B9 /* Main.storyboard in Resources */,
			);
			runOnlyForDeploymentPostprocessing = 0;
		};
/* End PBXResourcesBuildPhase section */

/* Begin PBXSourcesBuildPhase section */
		30FD663E1E410B2E0044E9B9 /* Sources */ = {
			isa = PBXSourcesBuildPhase;
			buildActionMask = 2147483647;
			files = (
				30FD66461E410B2E0044E9B9 /* AppDelegate.swift in Sources */,
				30FD66581E410C160044E9B9 /* MoviesViewController.swift in Sources */,
				30FD665B1E41413F0044E9B9 /* MovieCell.swift in Sources */,
			);
			runOnlyForDeploymentPostprocessing = 0;
		};
/* End PBXSourcesBuildPhase section */

/* Begin PBXVariantGroup section */
		30FD66491E410B2E0044E9B9 /* Main.storyboard */ = {
			isa = PBXVariantGroup;
			children = (
				30FD664A1E410B2E0044E9B9 /* Base */,
			);
			name = Main.storyboard;
			sourceTree = "<group>";
		};
		30FD664E1E410B2E0044E9B9 /* LaunchScreen.storyboard */ = {
			isa = PBXVariantGroup;
			children = (
				30FD664F1E410B2E0044E9B9 /* Base */,
			);
			name = LaunchScreen.storyboard;
			sourceTree = "<group>";
		};
/* End PBXVariantGroup section */

/* Begin XCBuildConfiguration section */
		30FD66521E410B2E0044E9B9 /* Debug */ = {
			isa = XCBuildConfiguration;
			buildSettings = {
				ALWAYS_SEARCH_USER_PATHS = NO;
				CLANG_ANALYZER_NONNULL = YES;
				CLANG_CXX_LANGUAGE_STANDARD = "gnu++0x";
				CLANG_CXX_LIBRARY = "libc++";
				CLANG_ENABLE_MODULES = YES;
				CLANG_ENABLE_OBJC_ARC = YES;
				CLANG_WARN_BOOL_CONVERSION = YES;
				CLANG_WARN_CONSTANT_CONVERSION = YES;
				CLANG_WARN_DIRECT_OBJC_ISA_USAGE = YES_ERROR;
				CLANG_WARN_DOCUMENTATION_COMMENTS = YES;
				CLANG_WARN_EMPTY_BODY = YES;
				CLANG_WARN_ENUM_CONVERSION = YES;
				CLANG_WARN_INFINITE_RECURSION = YES;
				CLANG_WARN_INT_CONVERSION = YES;
				CLANG_WARN_OBJC_ROOT_CLASS = YES_ERROR;
				CLANG_WARN_SUSPICIOUS_MOVE = YES;
				CLANG_WARN_UNREACHABLE_CODE = YES;
				CLANG_WARN__DUPLICATE_METHOD_MATCH = YES;
				"CODE_SIGN_IDENTITY[sdk=iphoneos*]" = "iPhone Developer";
				COPY_PHASE_STRIP = NO;
				DEBUG_INFORMATION_FORMAT = dwarf;
				ENABLE_STRICT_OBJC_MSGSEND = YES;
				ENABLE_TESTABILITY = YES;
				GCC_C_LANGUAGE_STANDARD = gnu99;
				GCC_DYNAMIC_NO_PIC = NO;
				GCC_NO_COMMON_BLOCKS = YES;
				GCC_OPTIMIZATION_LEVEL = 0;
				GCC_PREPROCESSOR_DEFINITIONS = (
					"DEBUG=1",
					"$(inherited)",
				);
				GCC_WARN_64_TO_32_BIT_CONVERSION = YES;
				GCC_WARN_ABOUT_RETURN_TYPE = YES_ERROR;
				GCC_WARN_UNDECLARED_SELECTOR = YES;
				GCC_WARN_UNINITIALIZED_AUTOS = YES_AGGRESSIVE;
				GCC_WARN_UNUSED_FUNCTION = YES;
				GCC_WARN_UNUSED_VARIABLE = YES;
				IPHONEOS_DEPLOYMENT_TARGET = 10.2;
				MTL_ENABLE_DEBUG_INFO = YES;
				ONLY_ACTIVE_ARCH = YES;
				SDKROOT = iphoneos;
				SWIFT_ACTIVE_COMPILATION_CONDITIONS = DEBUG;
				SWIFT_OPTIMIZATION_LEVEL = "-Onone";
			};
			name = Debug;
		};
		30FD66531E410B2E0044E9B9 /* Release */ = {
			isa = XCBuildConfiguration;
			buildSettings = {
				ALWAYS_SEARCH_USER_PATHS = NO;
				CLANG_ANALYZER_NONNULL = YES;
				CLANG_CXX_LANGUAGE_STANDARD = "gnu++0x";
				CLANG_CXX_LIBRARY = "libc++";
				CLANG_ENABLE_MODULES = YES;
				CLANG_ENABLE_OBJC_ARC = YES;
				CLANG_WARN_BOOL_CONVERSION = YES;
				CLANG_WARN_CONSTANT_CONVERSION = YES;
				CLANG_WARN_DIRECT_OBJC_ISA_USAGE = YES_ERROR;
				CLANG_WARN_DOCUMENTATION_COMMENTS = YES;
				CLANG_WARN_EMPTY_BODY = YES;
				CLANG_WARN_ENUM_CONVERSION = YES;
				CLANG_WARN_INFINITE_RECURSION = YES;
				CLANG_WARN_INT_CONVERSION = YES;
				CLANG_WARN_OBJC_ROOT_CLASS = YES_ERROR;
				CLANG_WARN_SUSPICIOUS_MOVE = YES;
				CLANG_WARN_UNREACHABLE_CODE = YES;
				CLANG_WARN__DUPLICATE_METHOD_MATCH = YES;
				"CODE_SIGN_IDENTITY[sdk=iphoneos*]" = "iPhone Developer";
				COPY_PHASE_STRIP = NO;
				DEBUG_INFORMATION_FORMAT = "dwarf-with-dsym";
				ENABLE_NS_ASSERTIONS = NO;
				ENABLE_STRICT_OBJC_MSGSEND = YES;
				GCC_C_LANGUAGE_STANDARD = gnu99;
				GCC_NO_COMMON_BLOCKS = YES;
				GCC_WARN_64_TO_32_BIT_CONVERSION = YES;
				GCC_WARN_ABOUT_RETURN_TYPE = YES_ERROR;
				GCC_WARN_UNDECLARED_SELECTOR = YES;
				GCC_WARN_UNINITIALIZED_AUTOS = YES_AGGRESSIVE;
				GCC_WARN_UNUSED_FUNCTION = YES;
				GCC_WARN_UNUSED_VARIABLE = YES;
				IPHONEOS_DEPLOYMENT_TARGET = 10.2;
				MTL_ENABLE_DEBUG_INFO = NO;
				SDKROOT = iphoneos;
				SWIFT_OPTIMIZATION_LEVEL = "-Owholemodule";
				VALIDATE_PRODUCT = YES;
			};
			name = Release;
		};
		30FD66551E410B2E0044E9B9 /* Debug */ = {
			isa = XCBuildConfiguration;
			buildSettings = {
				ASSETCATALOG_COMPILER_APPICON_NAME = AppIcon;
				INFOPLIST_FILE = MovieBrowser/Info.plist;
				LD_RUNPATH_SEARCH_PATHS = "$(inherited) @executable_path/Frameworks";
				PRODUCT_BUNDLE_IDENTIFIER = com.myApp.MovieBrowser;
				PRODUCT_NAME = "$(TARGET_NAME)";
				SWIFT_VERSION = 3.0;
			};
			name = Debug;
		};
		30FD66561E410B2E0044E9B9 /* Release */ = {
			isa = XCBuildConfiguration;
			buildSettings = {
				ASSETCATALOG_COMPILER_APPICON_NAME = AppIcon;
				INFOPLIST_FILE = MovieBrowser/Info.plist;
				LD_RUNPATH_SEARCH_PATHS = "$(inherited) @executable_path/Frameworks";
				PRODUCT_BUNDLE_IDENTIFIER = com.myApp.MovieBrowser;
				PRODUCT_NAME = "$(TARGET_NAME)";
				SWIFT_VERSION = 3.0;
			};
			name = Release;
		};
/* End XCBuildConfiguration section */

/* Begin XCConfigurationList section */
		30FD663D1E410B2E0044E9B9 /* Build configuration list for PBXProject "MovieBrowser" */ = {
			isa = XCConfigurationList;
			buildConfigurations = (
				30FD66521E410B2E0044E9B9 /* Debug */,
				30FD66531E410B2E0044E9B9 /* Release */,
			);
			defaultConfigurationIsVisible = 0;
			defaultConfigurationName = Release;
		};
		30FD66541E410B2E0044E9B9 /* Build configuration list for PBXNativeTarget "MovieBrowser" */ = {
			isa = XCConfigurationList;
			buildConfigurations = (
				30FD66551E410B2E0044E9B9 /* Debug */,
				30FD66561E410B2E0044E9B9 /* Release */,
			);
			defaultConfigurationIsVisible = 0;
		};
/* End XCConfigurationList section */
	};
	rootObject = 30FD663A1E410B2E0044E9B9 /* Project object */;
}
